// !$*UTF8*$!
{
	archiveVersion = 1;
	classes = {
	};
	objectVersion = 50;
	objects = {

/* Begin PBXBuildFile section */
		882471492529D62500469A27 /* LandmarkList.swift in Sources */ = {isa = PBXBuildFile; fileRef = 882471482529D62500469A27 /* LandmarkList.swift */; };
		88892F652528E440003F1B0F /* LandmarksAppApp.swift in Sources */ = {isa = PBXBuildFile; fileRef = 88892F642528E440003F1B0F /* LandmarksAppApp.swift */; };
		88892F672528E440003F1B0F /* LandmarkDetail.swift in Sources */ = {isa = PBXBuildFile; fileRef = 88892F662528E440003F1B0F /* LandmarkDetail.swift */; };
		88892F692528E445003F1B0F /* Assets.xcassets in Resources */ = {isa = PBXBuildFile; fileRef = 88892F682528E445003F1B0F /* Assets.xcassets */; };
		88892F6C2528E445003F1B0F /* Preview Assets.xcassets in Resources */ = {isa = PBXBuildFile; fileRef = 88892F6B2528E445003F1B0F /* Preview Assets.xcassets */; };
		88892F752528E8D8003F1B0F /* CircleImage.swift in Sources */ = {isa = PBXBuildFile; fileRef = 88892F742528E8D8003F1B0F /* CircleImage.swift */; };
		88892F782528E9B2003F1B0F /* MapView.swift in Sources */ = {isa = PBXBuildFile; fileRef = 88892F772528E9B2003F1B0F /* MapView.swift */; };
		88892F7D2529D085003F1B0F /* Landmark.swift in Sources */ = {isa = PBXBuildFile; fileRef = 88892F7C2529D085003F1B0F /* Landmark.swift */; };
		88892F832529D29D003F1B0F /* Data.swift in Sources */ = {isa = PBXBuildFile; fileRef = 88892F822529D29D003F1B0F /* Data.swift */; };
		88892F932529D2E7003F1B0F /* turtlerock.jpg in Resources */ = {isa = PBXBuildFile; fileRef = 88892F862529D2E6003F1B0F /* turtlerock.jpg */; };
		88892F942529D2E7003F1B0F /* chincoteague.jpg in Resources */ = {isa = PBXBuildFile; fileRef = 88892F872529D2E6003F1B0F /* chincoteague.jpg */; };
		88892F952529D2E7003F1B0F /* stmarylake.jpg in Resources */ = {isa = PBXBuildFile; fileRef = 88892F882529D2E7003F1B0F /* stmarylake.jpg */; };
		88892F962529D2E7003F1B0F /* landmarkData.json in Resources */ = {isa = PBXBuildFile; fileRef = 88892F892529D2E7003F1B0F /* landmarkData.json */; };
		88892F972529D2E7003F1B0F /* umbagog.jpg in Resources */ = {isa = PBXBuildFile; fileRef = 88892F8A2529D2E7003F1B0F /* umbagog.jpg */; };
		88892F982529D2E7003F1B0F /* yukon_charleyrivers.jpg in Resources */ = {isa = PBXBuildFile; fileRef = 88892F8B2529D2E7003F1B0F /* yukon_charleyrivers.jpg */; };
		88892F992529D2E7003F1B0F /* icybay.jpg in Resources */ = {isa = PBXBuildFile; fileRef = 88892F8C2529D2E7003F1B0F /* icybay.jpg */; };
		88892F9A2529D2E7003F1B0F /* lakemcdonald.jpg in Resources */ = {isa = PBXBuildFile; fileRef = 88892F8D2529D2E7003F1B0F /* lakemcdonald.jpg */; };
		88892F9B2529D2E7003F1B0F /* hiddenlake.jpg in Resources */ = {isa = PBXBuildFile; fileRef = 88892F8E2529D2E7003F1B0F /* hiddenlake.jpg */; };
		88892F9C2529D2E7003F1B0F /* silversalmoncreek.jpg in Resources */ = {isa = PBXBuildFile; fileRef = 88892F8F2529D2E7003F1B0F /* silversalmoncreek.jpg */; };
		88892F9D2529D2E7003F1B0F /* rainbowlake.jpg in Resources */ = {isa = PBXBuildFile; fileRef = 88892F902529D2E7003F1B0F /* rainbowlake.jpg */; };
		88892F9E2529D2E7003F1B0F /* chilkoottrail.jpg in Resources */ = {isa = PBXBuildFile; fileRef = 88892F912529D2E7003F1B0F /* chilkoottrail.jpg */; };
		88892F9F2529D2E7003F1B0F /* twinlake.jpg in Resources */ = {isa = PBXBuildFile; fileRef = 88892F922529D2E7003F1B0F /* twinlake.jpg */; };
		88892FA22529D3BB003F1B0F /* LandmarkRow.swift in Sources */ = {isa = PBXBuildFile; fileRef = 88892FA12529D3BB003F1B0F /* LandmarkRow.swift */; };
/* End PBXBuildFile section */

/* Begin PBXFileReference section */
		882471482529D62500469A27 /* LandmarkList.swift */ = {isa = PBXFileReference; lastKnownFileType = sourcecode.swift; path = LandmarkList.swift; sourceTree = "<group>"; };
		88892F612528E440003F1B0F /* LandmarksApp.app */ = {isa = PBXFileReference; explicitFileType = wrapper.application; includeInIndex = 0; path = LandmarksApp.app; sourceTree = BUILT_PRODUCTS_DIR; };
		88892F642528E440003F1B0F /* LandmarksAppApp.swift */ = {isa = PBXFileReference; lastKnownFileType = sourcecode.swift; path = LandmarksAppApp.swift; sourceTree = "<group>"; };
		88892F662528E440003F1B0F /* LandmarkDetail.swift */ = {isa = PBXFileReference; lastKnownFileType = sourcecode.swift; path = LandmarkDetail.swift; sourceTree = "<group>"; };
		88892F682528E445003F1B0F /* Assets.xcassets */ = {isa = PBXFileReference; lastKnownFileType = folder.assetcatalog; path = Assets.xcassets; sourceTree = "<group>"; };
		88892F6B2528E445003F1B0F /* Preview Assets.xcassets */ = {isa = PBXFileReference; lastKnownFileType = folder.assetcatalog; path = "Preview Assets.xcassets"; sourceTree = "<group>"; };
		88892F6D2528E445003F1B0F /* Info.plist */ = {isa = PBXFileReference; lastKnownFileType = text.plist.xml; path = Info.plist; sourceTree = "<group>"; };
		88892F742528E8D8003F1B0F /* CircleImage.swift */ = {isa = PBXFileReference; lastKnownFileType = sourcecode.swift; path = CircleImage.swift; sourceTree = "<group>"; };
		88892F772528E9B2003F1B0F /* MapView.swift */ = {isa = PBXFileReference; lastKnownFileType = sourcecode.swift; path = MapView.swift; sourceTree = "<group>"; };
		88892F7C2529D085003F1B0F /* Landmark.swift */ = {isa = PBXFileReference; lastKnownFileType = sourcecode.swift; path = Landmark.swift; sourceTree = "<group>"; };
		88892F822529D29D003F1B0F /* Data.swift */ = {isa = PBXFileReference; lastKnownFileType = sourcecode.swift; path = Data.swift; sourceTree = "<group>"; };
		88892F862529D2E6003F1B0F /* turtlerock.jpg */ = {isa = PBXFileReference; lastKnownFileType = image.jpeg; path = turtlerock.jpg; sourceTree = "<group>"; };
		88892F872529D2E6003F1B0F /* chincoteague.jpg */ = {isa = PBXFileReference; lastKnownFileType = image.jpeg; path = chincoteague.jpg; sourceTree = "<group>"; };
		88892F882529D2E7003F1B0F /* stmarylake.jpg */ = {isa = PBXFileReference; lastKnownFileType = image.jpeg; path = stmarylake.jpg; sourceTree = "<group>"; };
		88892F892529D2E7003F1B0F /* landmarkData.json */ = {isa = PBXFileReference; fileEncoding = 4; lastKnownFileType = text.json; path = landmarkData.json; sourceTree = "<group>"; };
		88892F8A2529D2E7003F1B0F /* umbagog.jpg */ = {isa = PBXFileReference; lastKnownFileType = image.jpeg; path = umbagog.jpg; sourceTree = "<group>"; };
		88892F8B2529D2E7003F1B0F /* yukon_charleyrivers.jpg */ = {isa = PBXFileReference; lastKnownFileType = image.jpeg; path = yukon_charleyrivers.jpg; sourceTree = "<group>"; };
		88892F8C2529D2E7003F1B0F /* icybay.jpg */ = {isa = PBXFileReference; lastKnownFileType = image.jpeg; path = icybay.jpg; sourceTree = "<group>"; };
		88892F8D2529D2E7003F1B0F /* lakemcdonald.jpg */ = {isa = PBXFileReference; lastKnownFileType = image.jpeg; path = lakemcdonald.jpg; sourceTree = "<group>"; };
		88892F8E2529D2E7003F1B0F /* hiddenlake.jpg */ = {isa = PBXFileReference; lastKnownFileType = image.jpeg; path = hiddenlake.jpg; sourceTree = "<group>"; };
		88892F8F2529D2E7003F1B0F /* silversalmoncreek.jpg */ = {isa = PBXFileReference; lastKnownFileType = image.jpeg; path = silversalmoncreek.jpg; sourceTree = "<group>"; };
		88892F902529D2E7003F1B0F /* rainbowlake.jpg */ = {isa = PBXFileReference; lastKnownFileType = image.jpeg; path = rainbowlake.jpg; sourceTree = "<group>"; };
		88892F912529D2E7003F1B0F /* chilkoottrail.jpg */ = {isa = PBXFileReference; lastKnownFileType = image.jpeg; path = chilkoottrail.jpg; sourceTree = "<group>"; };
		88892F922529D2E7003F1B0F /* twinlake.jpg */ = {isa = PBXFileReference; lastKnownFileType = image.jpeg; path = twinlake.jpg; sourceTree = "<group>"; };
		88892FA12529D3BB003F1B0F /* LandmarkRow.swift */ = {isa = PBXFileReference; lastKnownFileType = sourcecode.swift; path = LandmarkRow.swift; sourceTree = "<group>"; };
/* End PBXFileReference section */

/* Begin PBXFrameworksBuildPhase section */
		88892F5E2528E440003F1B0F /* Frameworks */ = {
			isa = PBXFrameworksBuildPhase;
			buildActionMask = 2147483647;
			files = (
			);
			runOnlyForDeploymentPostprocessing = 0;
		};
/* End PBXFrameworksBuildPhase section */

/* Begin PBXGroup section */
		88892F582528E440003F1B0F = {
			isa = PBXGroup;
			children = (
				88892F632528E440003F1B0F /* LandmarksApp */,
				88892F622528E440003F1B0F /* Products */,
			);
			sourceTree = "<group>";
		};
		88892F622528E440003F1B0F /* Products */ = {
			isa = PBXGroup;
			children = (
				88892F612528E440003F1B0F /* LandmarksApp.app */,
			);
			name = Products;
			sourceTree = "<group>";
		};
		88892F632528E440003F1B0F /* LandmarksApp */ = {
			isa = PBXGroup;
			children = (
				88892F642528E440003F1B0F /* LandmarksAppApp.swift */,
				88892F7B2529D023003F1B0F /* Model */,
				88892F662528E440003F1B0F /* LandmarkDetail.swift */,
				882471482529D62500469A27 /* LandmarkList.swift */,
				88892F7A2529D020003F1B0F /* Supporting Views */,
				88892F682528E445003F1B0F /* Assets.xcassets */,
				88892F6D2528E445003F1B0F /* Info.plist */,
				88892F852529D2CB003F1B0F /* Resources */,
				88892F6A2528E445003F1B0F /* Preview Content */,
			);
			path = LandmarksApp;
			sourceTree = "<group>";
		};
		88892F6A2528E445003F1B0F /* Preview Content */ = {
			isa = PBXGroup;
			children = (
				88892F6B2528E445003F1B0F /* Preview Assets.xcassets */,
			);
			path = "Preview Content";
			sourceTree = "<group>";
		};
		88892F7A2529D020003F1B0F /* Supporting Views */ = {
			isa = PBXGroup;
			children = (
				88892F742528E8D8003F1B0F /* CircleImage.swift */,
				88892F772528E9B2003F1B0F /* MapView.swift */,
				88892FA12529D3BB003F1B0F /* LandmarkRow.swift */,
			);
			path = "Supporting Views";
			sourceTree = "<group>";
		};
		88892F7B2529D023003F1B0F /* Model */ = {
			isa = PBXGroup;
			children = (
				88892F822529D29D003F1B0F /* Data.swift */,
				88892F7C2529D085003F1B0F /* Landmark.swift */,
			);
			path = Model;
			sourceTree = "<group>";
		};
		88892F852529D2CB003F1B0F /* Resources */ = {
			isa = PBXGroup;
			children = (
				88892F892529D2E7003F1B0F /* landmarkData.json */,
				88892F912529D2E7003F1B0F /* chilkoottrail.jpg */,
				88892F872529D2E6003F1B0F /* chincoteague.jpg */,
				88892F8E2529D2E7003F1B0F /* hiddenlake.jpg */,
				88892F8C2529D2E7003F1B0F /* icybay.jpg */,
				88892F8D2529D2E7003F1B0F /* lakemcdonald.jpg */,
				88892F902529D2E7003F1B0F /* rainbowlake.jpg */,
				88892F8F2529D2E7003F1B0F /* silversalmoncreek.jpg */,
				88892F882529D2E7003F1B0F /* stmarylake.jpg */,
				88892F862529D2E6003F1B0F /* turtlerock.jpg */,
				88892F922529D2E7003F1B0F /* twinlake.jpg */,
				88892F8A2529D2E7003F1B0F /* umbagog.jpg */,
				88892F8B2529D2E7003F1B0F /* yukon_charleyrivers.jpg */,
			);
			path = Resources;
			sourceTree = "<group>";
		};
/* End PBXGroup section */

/* Begin PBXNativeTarget section */
		88892F602528E440003F1B0F /* LandmarksApp */ = {
			isa = PBXNativeTarget;
			buildConfigurationList = 88892F702528E445003F1B0F /* Build configuration list for PBXNativeTarget "LandmarksApp" */;
			buildPhases = (
				88892F5D2528E440003F1B0F /* Sources */,
				88892F5E2528E440003F1B0F /* Frameworks */,
				88892F5F2528E440003F1B0F /* Resources */,
			);
			buildRules = (
			);
			dependencies = (
			);
			name = LandmarksApp;
			productName = LandmarksApp;
			productReference = 88892F612528E440003F1B0F /* LandmarksApp.app */;
			productType = "com.apple.product-type.application";
		};
/* End PBXNativeTarget section */

/* Begin PBXProject section */
		88892F592528E440003F1B0F /* Project object */ = {
			isa = PBXProject;
			attributes = {
				LastSwiftUpdateCheck = 1200;
				LastUpgradeCheck = 1200;
				TargetAttributes = {
					88892F602528E440003F1B0F = {
						CreatedOnToolsVersion = 12.0.1;
					};
				};
			};
			buildConfigurationList = 88892F5C2528E440003F1B0F /* Build configuration list for PBXProject "LandmarksApp" */;
			compatibilityVersion = "Xcode 9.3";
			developmentRegion = en;
			hasScannedForEncodings = 0;
			knownRegions = (
				en,
				Base,
			);
			mainGroup = 88892F582528E440003F1B0F;
			productRefGroup = 88892F622528E440003F1B0F /* Products */;
			projectDirPath = "";
			projectRoot = "";
			targets = (
				88892F602528E440003F1B0F /* LandmarksApp */,
			);
		};
/* End PBXProject section */

/* Begin PBXResourcesBuildPhase section */
		88892F5F2528E440003F1B0F /* Resources */ = {
			isa = PBXResourcesBuildPhase;
			buildActionMask = 2147483647;
			files = (
				88892F6C2528E445003F1B0F /* Preview Assets.xcassets in Resources */,
				88892F952529D2E7003F1B0F /* stmarylake.jpg in Resources */,
				88892F972529D2E7003F1B0F /* umbagog.jpg in Resources */,
				88892F692528E445003F1B0F /* Assets.xcassets in Resources */,
				88892F942529D2E7003F1B0F /* chincoteague.jpg in Resources */,
				88892F9D2529D2E7003F1B0F /* rainbowlake.jpg in Resources */,
				88892F9F2529D2E7003F1B0F /* twinlake.jpg in Resources */,
				88892F9B2529D2E7003F1B0F /* hiddenlake.jpg in Resources */,
				88892F932529D2E7003F1B0F /* turtlerock.jpg in Resources */,
				88892F9A2529D2E7003F1B0F /* lakemcdonald.jpg in Resources */,
				88892F9E2529D2E7003F1B0F /* chilkoottrail.jpg in Resources */,
				88892F982529D2E7003F1B0F /* yukon_charleyrivers.jpg in Resources */,
				88892F9C2529D2E7003F1B0F /* silversalmoncreek.jpg in Resources */,
				88892F992529D2E7003F1B0F /* icybay.jpg in Resources */,
				88892F962529D2E7003F1B0F /* landmarkData.json in Resources */,
			);
			runOnlyForDeploymentPostprocessing = 0;
		};
/* End PBXResourcesBuildPhase section */

/* Begin PBXSourcesBuildPhase section */
		88892F5D2528E440003F1B0F /* Sources */ = {
			isa = PBXSourcesBuildPhase;
			buildActionMask = 2147483647;
			files = (
				88892F672528E440003F1B0F /* LandmarkDetail.swift in Sources */,
				88892F832529D29D003F1B0F /* Data.swift in Sources */,
				88892F782528E9B2003F1B0F /* MapView.swift in Sources */,
				882471492529D62500469A27 /* LandmarkList.swift in Sources */,
				88892F652528E440003F1B0F /* LandmarksAppApp.swift in Sources */,
				88892F752528E8D8003F1B0F /* CircleImage.swift in Sources */,
				88892FA22529D3BB003F1B0F /* LandmarkRow.swift in Sources */,
				88892F7D2529D085003F1B0F /* Landmark.swift in Sources */,
			);
			runOnlyForDeploymentPostprocessing = 0;
		};
/* End PBXSourcesBuildPhase section */

/* Begin XCBuildConfiguration section */
		88892F6E2528E445003F1B0F /* Debug */ = {
			isa = XCBuildConfiguration;
			buildSettings = {
				ALWAYS_SEARCH_USER_PATHS = NO;
				CLANG_ANALYZER_NONNULL = YES;
				CLANG_ANALYZER_NUMBER_OBJECT_CONVERSION = YES_AGGRESSIVE;
				CLANG_CXX_LANGUAGE_STANDARD = "gnu++14";
				CLANG_CXX_LIBRARY = "libc++";
				CLANG_ENABLE_MODULES = YES;
				CLANG_ENABLE_OBJC_ARC = YES;
				CLANG_ENABLE_OBJC_WEAK = YES;
				CLANG_WARN_BLOCK_CAPTURE_AUTORELEASING = YES;
				CLANG_WARN_BOOL_CONVERSION = YES;
				CLANG_WARN_COMMA = YES;
				CLANG_WARN_CONSTANT_CONVERSION = YES;
				CLANG_WARN_DEPRECATED_OBJC_IMPLEMENTATIONS = YES;
				CLANG_WARN_DIRECT_OBJC_ISA_USAGE = YES_ERROR;
				CLANG_WARN_DOCUMENTATION_COMMENTS = YES;
				CLANG_WARN_EMPTY_BODY = YES;
				CLANG_WARN_ENUM_CONVERSION = YES;
				CLANG_WARN_INFINITE_RECURSION = YES;
				CLANG_WARN_INT_CONVERSION = YES;
				CLANG_WARN_NON_LITERAL_NULL_CONVERSION = YES;
				CLANG_WARN_OBJC_IMPLICIT_RETAIN_SELF = YES;
				CLANG_WARN_OBJC_LITERAL_CONVERSION = YES;
				CLANG_WARN_OBJC_ROOT_CLASS = YES_ERROR;
				CLANG_WARN_QUOTED_INCLUDE_IN_FRAMEWORK_HEADER = YES;
				CLANG_WARN_RANGE_LOOP_ANALYSIS = YES;
				CLANG_WARN_STRICT_PROTOTYPES = YES;
				CLANG_WARN_SUSPICIOUS_MOVE = YES;
				CLANG_WARN_UNGUARDED_AVAILABILITY = YES_AGGRESSIVE;
				CLANG_WARN_UNREACHABLE_CODE = YES;
				CLANG_WARN__DUPLICATE_METHOD_MATCH = YES;
				COPY_PHASE_STRIP = NO;
				DEBUG_INFORMATION_FORMAT = dwarf;
				ENABLE_STRICT_OBJC_MSGSEND = YES;
				ENABLE_TESTABILITY = YES;
				GCC_C_LANGUAGE_STANDARD = gnu11;
				GCC_DYNAMIC_NO_PIC = NO;
				GCC_NO_COMMON_BLOCKS = YES;
				GCC_OPTIMIZATION_LEVEL = 0;
				GCC_PREPROCESSOR_DEFINITIONS = (
					"DEBUG=1",
					"$(inherited)",
				);
				GCC_WARN_64_TO_32_BIT_CONVERSION = YES;
				GCC_WARN_ABOUT_RETURN_TYPE = YES_ERROR;
				GCC_WARN_UNDECLARED_SELECTOR = YES;
				GCC_WARN_UNINITIALIZED_AUTOS = YES_AGGRESSIVE;
				GCC_WARN_UNUSED_FUNCTION = YES;
				GCC_WARN_UNUSED_VARIABLE = YES;
				IPHONEOS_DEPLOYMENT_TARGET = 14.0;
				MTL_ENABLE_DEBUG_INFO = INCLUDE_SOURCE;
				MTL_FAST_MATH = YES;
				ONLY_ACTIVE_ARCH = YES;
				SDKROOT = iphoneos;
				SWIFT_ACTIVE_COMPILATION_CONDITIONS = DEBUG;
				SWIFT_OPTIMIZATION_LEVEL = "-Onone";
			};
			name = Debug;
		};
		88892F6F2528E445003F1B0F /* Release */ = {
			isa = XCBuildConfiguration;
			buildSettings = {
				ALWAYS_SEARCH_USER_PATHS = NO;
				CLANG_ANALYZER_NONNULL = YES;
				CLANG_ANALYZER_NUMBER_OBJECT_CONVERSION = YES_AGGRESSIVE;
				CLANG_CXX_LANGUAGE_STANDARD = "gnu++14";
				CLANG_CXX_LIBRARY = "libc++";
				CLANG_ENABLE_MODULES = YES;
				CLANG_ENABLE_OBJC_ARC = YES;
				CLANG_ENABLE_OBJC_WEAK = YES;
				CLANG_WARN_BLOCK_CAPTURE_AUTORELEASING = YES;
				CLANG_WARN_BOOL_CONVERSION = YES;
				CLANG_WARN_COMMA = YES;
				CLANG_WARN_CONSTANT_CONVERSION = YES;
				CLANG_WARN_DEPRECATED_OBJC_IMPLEMENTATIONS = YES;
				CLANG_WARN_DIRECT_OBJC_ISA_USAGE = YES_ERROR;
				CLANG_WARN_DOCUMENTATION_COMMENTS = YES;
				CLANG_WARN_EMPTY_BODY = YES;
				CLANG_WARN_ENUM_CONVERSION = YES;
				CLANG_WARN_INFINITE_RECURSION = YES;
				CLANG_WARN_INT_CONVERSION = YES;
				CLANG_WARN_NON_LITERAL_NULL_CONVERSION = YES;
				CLANG_WARN_OBJC_IMPLICIT_RETAIN_SELF = YES;
				CLANG_WARN_OBJC_LITERAL_CONVERSION = YES;
				CLANG_WARN_OBJC_ROOT_CLASS = YES_ERROR;
				CLANG_WARN_QUOTED_INCLUDE_IN_FRAMEWORK_HEADER = YES;
				CLANG_WARN_RANGE_LOOP_ANALYSIS = YES;
				CLANG_WARN_STRICT_PROTOTYPES = YES;
				CLANG_WARN_SUSPICIOUS_MOVE = YES;
				CLANG_WARN_UNGUARDED_AVAILABILITY = YES_AGGRESSIVE;
				CLANG_WARN_UNREACHABLE_CODE = YES;
				CLANG_WARN__DUPLICATE_METHOD_MATCH = YES;
				COPY_PHASE_STRIP = NO;
				DEBUG_INFORMATION_FORMAT = "dwarf-with-dsym";
				ENABLE_NS_ASSERTIONS = NO;
				ENABLE_STRICT_OBJC_MSGSEND = YES;
				GCC_C_LANGUAGE_STANDARD = gnu11;
				GCC_NO_COMMON_BLOCKS = YES;
				GCC_WARN_64_TO_32_BIT_CONVERSION = YES;
				GCC_WARN_ABOUT_RETURN_TYPE = YES_ERROR;
				GCC_WARN_UNDECLARED_SELECTOR = YES;
				GCC_WARN_UNINITIALIZED_AUTOS = YES_AGGRESSIVE;
				GCC_WARN_UNUSED_FUNCTION = YES;
				GCC_WARN_UNUSED_VARIABLE = YES;
				IPHONEOS_DEPLOYMENT_TARGET = 14.0;
				MTL_ENABLE_DEBUG_INFO = NO;
				MTL_FAST_MATH = YES;
				SDKROOT = iphoneos;
				SWIFT_COMPILATION_MODE = wholemodule;
				SWIFT_OPTIMIZATION_LEVEL = "-O";
				VALIDATE_PRODUCT = YES;
			};
			name = Release;
		};
		88892F712528E445003F1B0F /* Debug */ = {
			isa = XCBuildConfiguration;
			buildSettings = {
				ASSETCATALOG_COMPILER_APPICON_NAME = AppIcon;
				ASSETCATALOG_COMPILER_GLOBAL_ACCENT_COLOR_NAME = AccentColor;
				CODE_SIGN_STYLE = Automatic;
				DEVELOPMENT_ASSET_PATHS = "\"LandmarksApp/Preview Content\"";
				DEVELOPMENT_TEAM = 2AMAMNTQA2;
				ENABLE_PREVIEWS = YES;
				INFOPLIST_FILE = LandmarksApp/Info.plist;
				IPHONEOS_DEPLOYMENT_TARGET = 14.0;
				LD_RUNPATH_SEARCH_PATHS = (
					"$(inherited)",
					"@executable_path/Frameworks",
				);
				PRODUCT_BUNDLE_IDENTIFIER = com.sumair.LandmarksApp;
				PRODUCT_NAME = "$(TARGET_NAME)";
				SWIFT_VERSION = 5.0;
				TARGETED_DEVICE_FAMILY = "1,2";
			};
			name = Debug;
		};
		88892F722528E445003F1B0F /* Release */ = {
			isa = XCBuildConfiguration;
			buildSettings = {
				ASSETCATALOG_COMPILER_APPICON_NAME = AppIcon;
				ASSETCATALOG_COMPILER_GLOBAL_ACCENT_COLOR_NAME = AccentColor;
				CODE_SIGN_STYLE = Automatic;
				DEVELOPMENT_ASSET_PATHS = "\"LandmarksApp/Preview Content\"";
				DEVELOPMENT_TEAM = 2AMAMNTQA2;
				ENABLE_PREVIEWS = YES;
				INFOPLIST_FILE = LandmarksApp/Info.plist;
				IPHONEOS_DEPLOYMENT_TARGET = 14.0;
				LD_RUNPATH_SEARCH_PATHS = (
					"$(inherited)",
					"@executable_path/Frameworks",
				);
				PRODUCT_BUNDLE_IDENTIFIER = com.sumair.LandmarksApp;
				PRODUCT_NAME = "$(TARGET_NAME)";
				SWIFT_VERSION = 5.0;
				TARGETED_DEVICE_FAMILY = "1,2";
			};
			name = Release;
		};
/* End XCBuildConfiguration section */

/* Begin XCConfigurationList section */
		88892F5C2528E440003F1B0F /* Build configuration list for PBXProject "LandmarksApp" */ = {
			isa = XCConfigurationList;
			buildConfigurations = (
				88892F6E2528E445003F1B0F /* Debug */,
				88892F6F2528E445003F1B0F /* Release */,
			);
			defaultConfigurationIsVisible = 0;
			defaultConfigurationName = Release;
		};
		88892F702528E445003F1B0F /* Build configuration list for PBXNativeTarget "LandmarksApp" */ = {
			isa = XCConfigurationList;
			buildConfigurations = (
				88892F712528E445003F1B0F /* Debug */,
				88892F722528E445003F1B0F /* Release */,
			);
			defaultConfigurationIsVisible = 0;
			defaultConfigurationName = Release;
		};
/* End XCConfigurationList section */
	};
	rootObject = 88892F592528E440003F1B0F /* Project object */;
}
